PODS:
  - MediaPipeTasksGenAI (0.10.14):
    - MediaPipeTasksGenAIC (= 0.10.14)
  - MediaPipeTasksGenAIC (0.10.14)
  - PexelAI (1.0.1):
    - MediaPipeTasksGenAI (= 0.10.14)

DEPENDENCIES:
  - PexelAI (from `../composeApp`)

SPEC REPOS:
  trunk:
    - MediaPipeTasksGenAI
    - MediaPipeTasksGenAIC

EXTERNAL SOURCES:
  PexelAI:
    :path: "../composeApp"

SPEC CHECKSUMS:
  MediaPipeTasksGenAI: 8cd77fa32ea21f7a6319b025aa28cfc3e20ab73b
  MediaPipeTasksGenAIC: 270ec81f85e96fac283945702e34112ebbfd5e77
  PexelAI: cb018d5451c32443613d7351b8963c7c42c0b971

PODFILE CHECKSUM: 8909e4fe75c7726eac73976720f7effd868a2597

COCOAPODS: 1.15.2
